// !$*UTF8*$!
{
	archiveVersion = 1;
	classes = {
	};
	objectVersion = 46;
	objects = {

/* Begin PBXBuildFile section */
		F436A4CE1D86159000BD3FF1 /* Constants.swift in Sources */ = {isa = PBXBuildFile; fileRef = F436A4CD1D86159000BD3FF1 /* Constants.swift */; };
		F436A4D01D8645A700BD3FF1 /* PPInputView.swift in Sources */ = {isa = PBXBuildFile; fileRef = F436A4CF1D8645A700BD3FF1 /* PPInputView.swift */; };
		F436A4D21D86495000BD3FF1 /* PPSegmentedControl.swift in Sources */ = {isa = PBXBuildFile; fileRef = F436A4D11D86495000BD3FF1 /* PPSegmentedControl.swift */; };
		F436A4D41D8655FF00BD3FF1 /* PPInputField.swift in Sources */ = {isa = PBXBuildFile; fileRef = F436A4D31D8655FF00BD3FF1 /* PPInputField.swift */; };
		F436A4D61D86595200BD3FF1 /* PPLabel.swift in Sources */ = {isa = PBXBuildFile; fileRef = F436A4D51D86595200BD3FF1 /* PPLabel.swift */; };
		F4E4CD611D85B8D1008C4561 /* AppDelegate.swift in Sources */ = {isa = PBXBuildFile; fileRef = F4E4CD601D85B8D1008C4561 /* AppDelegate.swift */; };
		F4E4CD631D85B8D1008C4561 /* ViewController.swift in Sources */ = {isa = PBXBuildFile; fileRef = F4E4CD621D85B8D1008C4561 /* ViewController.swift */; };
		F4E4CD661D85B8D1008C4561 /* Main.storyboard in Resources */ = {isa = PBXBuildFile; fileRef = F4E4CD641D85B8D1008C4561 /* Main.storyboard */; };
		F4E4CD681D85B8D1008C4561 /* Assets.xcassets in Resources */ = {isa = PBXBuildFile; fileRef = F4E4CD671D85B8D1008C4561 /* Assets.xcassets */; };
		F4E4CD6B1D85B8D1008C4561 /* LaunchScreen.storyboard in Resources */ = {isa = PBXBuildFile; fileRef = F4E4CD691D85B8D1008C4561 /* LaunchScreen.storyboard */; };
		F4E4CD761D85B8D1008C4561 /* TipperTests.swift in Sources */ = {isa = PBXBuildFile; fileRef = F4E4CD751D85B8D1008C4561 /* TipperTests.swift */; };
		F4E4CD811D85B8D1008C4561 /* TipperUITests.swift in Sources */ = {isa = PBXBuildFile; fileRef = F4E4CD801D85B8D1008C4561 /* TipperUITests.swift */; };
/* End PBXBuildFile section */

/* Begin PBXContainerItemProxy section */
		F4E4CD721D85B8D1008C4561 /* PBXContainerItemProxy */ = {
			isa = PBXContainerItemProxy;
			containerPortal = F4E4CD551D85B8D1008C4561 /* Project object */;
			proxyType = 1;
			remoteGlobalIDString = F4E4CD5C1D85B8D1008C4561;
			remoteInfo = Tipper;
		};
		F4E4CD7D1D85B8D1008C4561 /* PBXContainerItemProxy */ = {
			isa = PBXContainerItemProxy;
			containerPortal = F4E4CD551D85B8D1008C4561 /* Project object */;
			proxyType = 1;
			remoteGlobalIDString = F4E4CD5C1D85B8D1008C4561;
			remoteInfo = Tipper;
		};
/* End PBXContainerItemProxy section */

/* Begin PBXFileReference section */
		F436A4CD1D86159000BD3FF1 /* Constants.swift */ = {isa = PBXFileReference; fileEncoding = 4; lastKnownFileType = sourcecode.swift; path = Constants.swift; sourceTree = "<group>"; };
		F436A4CF1D8645A700BD3FF1 /* PPInputView.swift */ = {isa = PBXFileReference; fileEncoding = 4; lastKnownFileType = sourcecode.swift; path = PPInputView.swift; sourceTree = "<group>"; };
		F436A4D11D86495000BD3FF1 /* PPSegmentedControl.swift */ = {isa = PBXFileReference; fileEncoding = 4; lastKnownFileType = sourcecode.swift; path = PPSegmentedControl.swift; sourceTree = "<group>"; };
		F436A4D31D8655FF00BD3FF1 /* PPInputField.swift */ = {isa = PBXFileReference; fileEncoding = 4; lastKnownFileType = sourcecode.swift; path = PPInputField.swift; sourceTree = "<group>"; };
		F436A4D51D86595200BD3FF1 /* PPLabel.swift */ = {isa = PBXFileReference; fileEncoding = 4; lastKnownFileType = sourcecode.swift; path = PPLabel.swift; sourceTree = "<group>"; };
		F4E4CD5D1D85B8D1008C4561 /* Tipper.app */ = {isa = PBXFileReference; explicitFileType = wrapper.application; includeInIndex = 0; path = Tipper.app; sourceTree = BUILT_PRODUCTS_DIR; };
		F4E4CD601D85B8D1008C4561 /* AppDelegate.swift */ = {isa = PBXFileReference; lastKnownFileType = sourcecode.swift; path = AppDelegate.swift; sourceTree = "<group>"; };
		F4E4CD621D85B8D1008C4561 /* ViewController.swift */ = {isa = PBXFileReference; lastKnownFileType = sourcecode.swift; path = ViewController.swift; sourceTree = "<group>"; };
		F4E4CD651D85B8D1008C4561 /* Base */ = {isa = PBXFileReference; lastKnownFileType = file.storyboard; name = Base; path = Base.lproj/Main.storyboard; sourceTree = "<group>"; };
		F4E4CD671D85B8D1008C4561 /* Assets.xcassets */ = {isa = PBXFileReference; lastKnownFileType = folder.assetcatalog; path = Assets.xcassets; sourceTree = "<group>"; };
		F4E4CD6A1D85B8D1008C4561 /* Base */ = {isa = PBXFileReference; lastKnownFileType = file.storyboard; name = Base; path = Base.lproj/LaunchScreen.storyboard; sourceTree = "<group>"; };
		F4E4CD6C1D85B8D1008C4561 /* Info.plist */ = {isa = PBXFileReference; lastKnownFileType = text.plist.xml; path = Info.plist; sourceTree = "<group>"; };
		F4E4CD711D85B8D1008C4561 /* TipperTests.xctest */ = {isa = PBXFileReference; explicitFileType = wrapper.cfbundle; includeInIndex = 0; path = TipperTests.xctest; sourceTree = BUILT_PRODUCTS_DIR; };
		F4E4CD751D85B8D1008C4561 /* TipperTests.swift */ = {isa = PBXFileReference; lastKnownFileType = sourcecode.swift; path = TipperTests.swift; sourceTree = "<group>"; };
		F4E4CD771D85B8D1008C4561 /* Info.plist */ = {isa = PBXFileReference; lastKnownFileType = text.plist.xml; path = Info.plist; sourceTree = "<group>"; };
		F4E4CD7C1D85B8D1008C4561 /* TipperUITests.xctest */ = {isa = PBXFileReference; explicitFileType = wrapper.cfbundle; includeInIndex = 0; path = TipperUITests.xctest; sourceTree = BUILT_PRODUCTS_DIR; };
		F4E4CD801D85B8D1008C4561 /* TipperUITests.swift */ = {isa = PBXFileReference; lastKnownFileType = sourcecode.swift; path = TipperUITests.swift; sourceTree = "<group>"; };
		F4E4CD821D85B8D1008C4561 /* Info.plist */ = {isa = PBXFileReference; lastKnownFileType = text.plist.xml; path = Info.plist; sourceTree = "<group>"; };
/* End PBXFileReference section */

/* Begin PBXFrameworksBuildPhase section */
		F4E4CD5A1D85B8D1008C4561 /* Frameworks */ = {
			isa = PBXFrameworksBuildPhase;
			buildActionMask = 2147483647;
			files = (
			);
			runOnlyForDeploymentPostprocessing = 0;
		};
		F4E4CD6E1D85B8D1008C4561 /* Frameworks */ = {
			isa = PBXFrameworksBuildPhase;
			buildActionMask = 2147483647;
			files = (
			);
			runOnlyForDeploymentPostprocessing = 0;
		};
		F4E4CD791D85B8D1008C4561 /* Frameworks */ = {
			isa = PBXFrameworksBuildPhase;
			buildActionMask = 2147483647;
			files = (
			);
			runOnlyForDeploymentPostprocessing = 0;
		};
/* End PBXFrameworksBuildPhase section */

/* Begin PBXGroup section */
		F4E4CD541D85B8D1008C4561 = {
			isa = PBXGroup;
			children = (
				F4E4CD5F1D85B8D1008C4561 /* Tipper */,
				F4E4CD741D85B8D1008C4561 /* TipperTests */,
				F4E4CD7F1D85B8D1008C4561 /* TipperUITests */,
				F4E4CD5E1D85B8D1008C4561 /* Products */,
			);
			sourceTree = "<group>";
		};
		F4E4CD5E1D85B8D1008C4561 /* Products */ = {
			isa = PBXGroup;
			children = (
				F4E4CD5D1D85B8D1008C4561 /* Tipper.app */,
				F4E4CD711D85B8D1008C4561 /* TipperTests.xctest */,
				F4E4CD7C1D85B8D1008C4561 /* TipperUITests.xctest */,
			);
			name = Products;
			sourceTree = "<group>";
		};
		F4E4CD5F1D85B8D1008C4561 /* Tipper */ = {
			isa = PBXGroup;
			children = (
				F4E4CD601D85B8D1008C4561 /* AppDelegate.swift */,
				F4E4CD621D85B8D1008C4561 /* ViewController.swift */,
				F436A4D51D86595200BD3FF1 /* PPLabel.swift */,
				F436A4D31D8655FF00BD3FF1 /* PPInputField.swift */,
				F436A4D11D86495000BD3FF1 /* PPSegmentedControl.swift */,
				F436A4CF1D8645A700BD3FF1 /* PPInputView.swift */,
				F436A4CD1D86159000BD3FF1 /* Constants.swift */,
				F4E4CD641D85B8D1008C4561 /* Main.storyboard */,
				F4E4CD671D85B8D1008C4561 /* Assets.xcassets */,
				F4E4CD691D85B8D1008C4561 /* LaunchScreen.storyboard */,
				F4E4CD6C1D85B8D1008C4561 /* Info.plist */,
			);
			path = Tipper;
			sourceTree = "<group>";
		};
		F4E4CD741D85B8D1008C4561 /* TipperTests */ = {
			isa = PBXGroup;
			children = (
				F4E4CD751D85B8D1008C4561 /* TipperTests.swift */,
				F4E4CD771D85B8D1008C4561 /* Info.plist */,
			);
			path = TipperTests;
			sourceTree = "<group>";
		};
		F4E4CD7F1D85B8D1008C4561 /* TipperUITests */ = {
			isa = PBXGroup;
			children = (
				F4E4CD801D85B8D1008C4561 /* TipperUITests.swift */,
				F4E4CD821D85B8D1008C4561 /* Info.plist */,
			);
			path = TipperUITests;
			sourceTree = "<group>";
		};
/* End PBXGroup section */

/* Begin PBXNativeTarget section */
		F4E4CD5C1D85B8D1008C4561 /* Tipper */ = {
			isa = PBXNativeTarget;
			buildConfigurationList = F4E4CD851D85B8D1008C4561 /* Build configuration list for PBXNativeTarget "Tipper" */;
			buildPhases = (
				F4E4CD591D85B8D1008C4561 /* Sources */,
				F4E4CD5A1D85B8D1008C4561 /* Frameworks */,
				F4E4CD5B1D85B8D1008C4561 /* Resources */,
			);
			buildRules = (
			);
			dependencies = (
			);
			name = Tipper;
			productName = Tipper;
			productReference = F4E4CD5D1D85B8D1008C4561 /* Tipper.app */;
			productType = "com.apple.product-type.application";
		};
		F4E4CD701D85B8D1008C4561 /* TipperTests */ = {
			isa = PBXNativeTarget;
			buildConfigurationList = F4E4CD881D85B8D1008C4561 /* Build configuration list for PBXNativeTarget "TipperTests" */;
			buildPhases = (
				F4E4CD6D1D85B8D1008C4561 /* Sources */,
				F4E4CD6E1D85B8D1008C4561 /* Frameworks */,
				F4E4CD6F1D85B8D1008C4561 /* Resources */,
			);
			buildRules = (
			);
			dependencies = (
				F4E4CD731D85B8D1008C4561 /* PBXTargetDependency */,
			);
			name = TipperTests;
			productName = TipperTests;
			productReference = F4E4CD711D85B8D1008C4561 /* TipperTests.xctest */;
			productType = "com.apple.product-type.bundle.unit-test";
		};
		F4E4CD7B1D85B8D1008C4561 /* TipperUITests */ = {
			isa = PBXNativeTarget;
			buildConfigurationList = F4E4CD8B1D85B8D1008C4561 /* Build configuration list for PBXNativeTarget "TipperUITests" */;
			buildPhases = (
				F4E4CD781D85B8D1008C4561 /* Sources */,
				F4E4CD791D85B8D1008C4561 /* Frameworks */,
				F4E4CD7A1D85B8D1008C4561 /* Resources */,
			);
			buildRules = (
			);
			dependencies = (
				F4E4CD7E1D85B8D1008C4561 /* PBXTargetDependency */,
			);
			name = TipperUITests;
			productName = TipperUITests;
			productReference = F4E4CD7C1D85B8D1008C4561 /* TipperUITests.xctest */;
			productType = "com.apple.product-type.bundle.ui-testing";
		};
/* End PBXNativeTarget section */

/* Begin PBXProject section */
		F4E4CD551D85B8D1008C4561 /* Project object */ = {
			isa = PBXProject;
			attributes = {
				LastSwiftUpdateCheck = 0730;
				LastUpgradeCheck = 0730;
				ORGANIZATIONNAME = "Prithvi Prabahar";
				TargetAttributes = {
					F4E4CD5C1D85B8D1008C4561 = {
						CreatedOnToolsVersion = 7.3.1;
					};
					F4E4CD701D85B8D1008C4561 = {
						CreatedOnToolsVersion = 7.3.1;
						TestTargetID = F4E4CD5C1D85B8D1008C4561;
					};
					F4E4CD7B1D85B8D1008C4561 = {
						CreatedOnToolsVersion = 7.3.1;
						TestTargetID = F4E4CD5C1D85B8D1008C4561;
					};
				};
			};
			buildConfigurationList = F4E4CD581D85B8D1008C4561 /* Build configuration list for PBXProject "Tipper" */;
			compatibilityVersion = "Xcode 3.2";
			developmentRegion = English;
			hasScannedForEncodings = 0;
			knownRegions = (
				en,
				Base,
			);
			mainGroup = F4E4CD541D85B8D1008C4561;
			productRefGroup = F4E4CD5E1D85B8D1008C4561 /* Products */;
			projectDirPath = "";
			projectRoot = "";
			targets = (
				F4E4CD5C1D85B8D1008C4561 /* Tipper */,
				F4E4CD701D85B8D1008C4561 /* TipperTests */,
				F4E4CD7B1D85B8D1008C4561 /* TipperUITests */,
			);
		};
/* End PBXProject section */

/* Begin PBXResourcesBuildPhase section */
		F4E4CD5B1D85B8D1008C4561 /* Resources */ = {
			isa = PBXResourcesBuildPhase;
			buildActionMask = 2147483647;
			files = (
				F4E4CD6B1D85B8D1008C4561 /* LaunchScreen.storyboard in Resources */,
				F4E4CD681D85B8D1008C4561 /* Assets.xcassets in Resources */,
				F4E4CD661D85B8D1008C4561 /* Main.storyboard in Resources */,
			);
			runOnlyForDeploymentPostprocessing = 0;
		};
		F4E4CD6F1D85B8D1008C4561 /* Resources */ = {
			isa = PBXResourcesBuildPhase;
			buildActionMask = 2147483647;
			files = (
			);
			runOnlyForDeploymentPostprocessing = 0;
		};
		F4E4CD7A1D85B8D1008C4561 /* Resources */ = {
			isa = PBXResourcesBuildPhase;
			buildActionMask = 2147483647;
			files = (
			);
			runOnlyForDeploymentPostprocessing = 0;
		};
/* End PBXResourcesBuildPhase section */

/* Begin PBXSourcesBuildPhase section */
		F4E4CD591D85B8D1008C4561 /* Sources */ = {
			isa = PBXSourcesBuildPhase;
			buildActionMask = 2147483647;
			files = (
				F4E4CD631D85B8D1008C4561 /* ViewController.swift in Sources */,
				F436A4D21D86495000BD3FF1 /* PPSegmentedControl.swift in Sources */,
				F4E4CD611D85B8D1008C4561 /* AppDelegate.swift in Sources */,
				F436A4CE1D86159000BD3FF1 /* Constants.swift in Sources */,
				F436A4D01D8645A700BD3FF1 /* PPInputView.swift in Sources */,
				F436A4D61D86595200BD3FF1 /* PPLabel.swift in Sources */,
				F436A4D41D8655FF00BD3FF1 /* PPInputField.swift in Sources */,
			);
			runOnlyForDeploymentPostprocessing = 0;
		};
		F4E4CD6D1D85B8D1008C4561 /* Sources */ = {
			isa = PBXSourcesBuildPhase;
			buildActionMask = 2147483647;
			files = (
				F4E4CD761D85B8D1008C4561 /* TipperTests.swift in Sources */,
			);
			runOnlyForDeploymentPostprocessing = 0;
		};
		F4E4CD781D85B8D1008C4561 /* Sources */ = {
			isa = PBXSourcesBuildPhase;
			buildActionMask = 2147483647;
			files = (
				F4E4CD811D85B8D1008C4561 /* TipperUITests.swift in Sources */,
			);
			runOnlyForDeploymentPostprocessing = 0;
		};
/* End PBXSourcesBuildPhase section */

/* Begin PBXTargetDependency section */
		F4E4CD731D85B8D1008C4561 /* PBXTargetDependency */ = {
			isa = PBXTargetDependency;
			target = F4E4CD5C1D85B8D1008C4561 /* Tipper */;
			targetProxy = F4E4CD721D85B8D1008C4561 /* PBXContainerItemProxy */;
		};
		F4E4CD7E1D85B8D1008C4561 /* PBXTargetDependency */ = {
			isa = PBXTargetDependency;
			target = F4E4CD5C1D85B8D1008C4561 /* Tipper */;
			targetProxy = F4E4CD7D1D85B8D1008C4561 /* PBXContainerItemProxy */;
		};
/* End PBXTargetDependency section */

/* Begin PBXVariantGroup section */
		F4E4CD641D85B8D1008C4561 /* Main.storyboard */ = {
			isa = PBXVariantGroup;
			children = (
				F4E4CD651D85B8D1008C4561 /* Base */,
			);
			name = Main.storyboard;
			sourceTree = "<group>";
		};
		F4E4CD691D85B8D1008C4561 /* LaunchScreen.storyboard */ = {
			isa = PBXVariantGroup;
			children = (
				F4E4CD6A1D85B8D1008C4561 /* Base */,
			);
			name = LaunchScreen.storyboard;
			sourceTree = "<group>";
		};
/* End PBXVariantGroup section */

/* Begin XCBuildConfiguration section */
		F4E4CD831D85B8D1008C4561 /* Debug */ = {
			isa = XCBuildConfiguration;
			buildSettings = {
				ALWAYS_SEARCH_USER_PATHS = NO;
				CLANG_ANALYZER_NONNULL = YES;
				CLANG_CXX_LANGUAGE_STANDARD = "gnu++0x";
				CLANG_CXX_LIBRARY = "libc++";
				CLANG_ENABLE_MODULES = YES;
				CLANG_ENABLE_OBJC_ARC = YES;
				CLANG_WARN_BOOL_CONVERSION = YES;
				CLANG_WARN_CONSTANT_CONVERSION = YES;
				CLANG_WARN_DIRECT_OBJC_ISA_USAGE = YES_ERROR;
				CLANG_WARN_EMPTY_BODY = YES;
				CLANG_WARN_ENUM_CONVERSION = YES;
				CLANG_WARN_INT_CONVERSION = YES;
				CLANG_WARN_OBJC_ROOT_CLASS = YES_ERROR;
				CLANG_WARN_UNREACHABLE_CODE = YES;
				CLANG_WARN__DUPLICATE_METHOD_MATCH = YES;
				"CODE_SIGN_IDENTITY[sdk=iphoneos*]" = "iPhone Developer";
				COPY_PHASE_STRIP = NO;
				DEBUG_INFORMATION_FORMAT = dwarf;
				ENABLE_STRICT_OBJC_MSGSEND = YES;
				ENABLE_TESTABILITY = YES;
				GCC_C_LANGUAGE_STANDARD = gnu99;
				GCC_DYNAMIC_NO_PIC = NO;
				GCC_NO_COMMON_BLOCKS = YES;
				GCC_OPTIMIZATION_LEVEL = 0;
				GCC_PREPROCESSOR_DEFINITIONS = (
					"DEBUG=1",
					"$(inherited)",
				);
				GCC_WARN_64_TO_32_BIT_CONVERSION = YES;
				GCC_WARN_ABOUT_RETURN_TYPE = YES_ERROR;
				GCC_WARN_UNDECLARED_SELECTOR = YES;
				GCC_WARN_UNINITIALIZED_AUTOS = YES_AGGRESSIVE;
				GCC_WARN_UNUSED_FUNCTION = YES;
				GCC_WARN_UNUSED_VARIABLE = YES;
				IPHONEOS_DEPLOYMENT_TARGET = 9.3;
				MTL_ENABLE_DEBUG_INFO = YES;
				ONLY_ACTIVE_ARCH = YES;
				SDKROOT = iphoneos;
				SWIFT_OPTIMIZATION_LEVEL = "-Onone";
			};
			name = Debug;
		};
		F4E4CD841D85B8D1008C4561 /* Release */ = {
			isa = XCBuildConfiguration;
			buildSettings = {
				ALWAYS_SEARCH_USER_PATHS = NO;
				CLANG_ANALYZER_NONNULL = YES;
				CLANG_CXX_LANGUAGE_STANDARD = "gnu++0x";
				CLANG_CXX_LIBRARY = "libc++";
				CLANG_ENABLE_MODULES = YES;
				CLANG_ENABLE_OBJC_ARC = YES;
				CLANG_WARN_BOOL_CONVERSION = YES;
				CLANG_WARN_CONSTANT_CONVERSION = YES;
				CLANG_WARN_DIRECT_OBJC_ISA_USAGE = YES_ERROR;
				CLANG_WARN_EMPTY_BODY = YES;
				CLANG_WARN_ENUM_CONVERSION = YES;
				CLANG_WARN_INT_CONVERSION = YES;
				CLANG_WARN_OBJC_ROOT_CLASS = YES_ERROR;
				CLANG_WARN_UNREACHABLE_CODE = YES;
				CLANG_WARN__DUPLICATE_METHOD_MATCH = YES;
				"CODE_SIGN_IDENTITY[sdk=iphoneos*]" = "iPhone Developer";
				COPY_PHASE_STRIP = NO;
				DEBUG_INFORMATION_FORMAT = "dwarf-with-dsym";
				ENABLE_NS_ASSERTIONS = NO;
				ENABLE_STRICT_OBJC_MSGSEND = YES;
				GCC_C_LANGUAGE_STANDARD = gnu99;
				GCC_NO_COMMON_BLOCKS = YES;
				GCC_WARN_64_TO_32_BIT_CONVERSION = YES;
				GCC_WARN_ABOUT_RETURN_TYPE = YES_ERROR;
				GCC_WARN_UNDECLARED_SELECTOR = YES;
				GCC_WARN_UNINITIALIZED_AUTOS = YES_AGGRESSIVE;
				GCC_WARN_UNUSED_FUNCTION = YES;
				GCC_WARN_UNUSED_VARIABLE = YES;
				IPHONEOS_DEPLOYMENT_TARGET = 9.3;
				MTL_ENABLE_DEBUG_INFO = NO;
				SDKROOT = iphoneos;
				VALIDATE_PRODUCT = YES;
			};
			name = Release;
		};
		F4E4CD861D85B8D1008C4561 /* Debug */ = {
			isa = XCBuildConfiguration;
			buildSettings = {
				ASSETCATALOG_COMPILER_APPICON_NAME = AppIcon;
				INFOPLIST_FILE = Tipper/Info.plist;
				LD_RUNPATH_SEARCH_PATHS = "$(inherited) @executable_path/Frameworks";
				PRODUCT_BUNDLE_IDENTIFIER = PP.Tipper;
				PRODUCT_NAME = "$(TARGET_NAME)";
			};
			name = Debug;
		};
		F4E4CD871D85B8D1008C4561 /* Release */ = {
			isa = XCBuildConfiguration;
			buildSettings = {
				ASSETCATALOG_COMPILER_APPICON_NAME = AppIcon;
				INFOPLIST_FILE = Tipper/Info.plist;
				LD_RUNPATH_SEARCH_PATHS = "$(inherited) @executable_path/Frameworks";
				PRODUCT_BUNDLE_IDENTIFIER = PP.Tipper;
				PRODUCT_NAME = "$(TARGET_NAME)";
			};
			name = Release;
		};
		F4E4CD891D85B8D1008C4561 /* Debug */ = {
			isa = XCBuildConfiguration;
			buildSettings = {
				BUNDLE_LOADER = "$(TEST_HOST)";
				INFOPLIST_FILE = TipperTests/Info.plist;
				LD_RUNPATH_SEARCH_PATHS = "$(inherited) @executable_path/Frameworks @loader_path/Frameworks";
				PRODUCT_BUNDLE_IDENTIFIER = PP.TipperTests;
				PRODUCT_NAME = "$(TARGET_NAME)";
				TEST_HOST = "$(BUILT_PRODUCTS_DIR)/Tipper.app/Tipper";
			};
			name = Debug;
		};
		F4E4CD8A1D85B8D1008C4561 /* Release */ = {
			isa = XCBuildConfiguration;
			buildSettings = {
				BUNDLE_LOADER = "$(TEST_HOST)";
				INFOPLIST_FILE = TipperTests/Info.plist;
				LD_RUNPATH_SEARCH_PATHS = "$(inherited) @executable_path/Frameworks @loader_path/Frameworks";
				PRODUCT_BUNDLE_IDENTIFIER = PP.TipperTests;
				PRODUCT_NAME = "$(TARGET_NAME)";
				TEST_HOST = "$(BUILT_PRODUCTS_DIR)/Tipper.app/Tipper";
			};
			name = Release;
		};
		F4E4CD8C1D85B8D1008C4561 /* Debug */ = {
			isa = XCBuildConfiguration;
			buildSettings = {
				INFOPLIST_FILE = TipperUITests/Info.plist;
				LD_RUNPATH_SEARCH_PATHS = "$(inherited) @executable_path/Frameworks @loader_path/Frameworks";
				PRODUCT_BUNDLE_IDENTIFIER = PP.TipperUITests;
				PRODUCT_NAME = "$(TARGET_NAME)";
				TEST_TARGET_NAME = Tipper;
			};
			name = Debug;
		};
		F4E4CD8D1D85B8D1008C4561 /* Release */ = {
			isa = XCBuildConfiguration;
			buildSettings = {
				INFOPLIST_FILE = TipperUITests/Info.plist;
				LD_RUNPATH_SEARCH_PATHS = "$(inherited) @executable_path/Frameworks @loader_path/Frameworks";
				PRODUCT_BUNDLE_IDENTIFIER = PP.TipperUITests;
				PRODUCT_NAME = "$(TARGET_NAME)";
				TEST_TARGET_NAME = Tipper;
			};
			name = Release;
		};
/* End XCBuildConfiguration section */

/* Begin XCConfigurationList section */
		F4E4CD581D85B8D1008C4561 /* Build configuration list for PBXProject "Tipper" */ = {
			isa = XCConfigurationList;
			buildConfigurations = (
				F4E4CD831D85B8D1008C4561 /* Debug */,
				F4E4CD841D85B8D1008C4561 /* Release */,
			);
			defaultConfigurationIsVisible = 0;
			defaultConfigurationName = Release;
		};
		F4E4CD851D85B8D1008C4561 /* Build configuration list for PBXNativeTarget "Tipper" */ = {
			isa = XCConfigurationList;
			buildConfigurations = (
				F4E4CD861D85B8D1008C4561 /* Debug */,
				F4E4CD871D85B8D1008C4561 /* Release */,
			);
			defaultConfigurationIsVisible = 0;
			defaultConfigurationName = Release;
		};
		F4E4CD881D85B8D1008C4561 /* Build configuration list for PBXNativeTarget "TipperTests" */ = {
			isa = XCConfigurationList;
			buildConfigurations = (
				F4E4CD891D85B8D1008C4561 /* Debug */,
				F4E4CD8A1D85B8D1008C4561 /* Release */,
			);
			defaultConfigurationIsVisible = 0;
			defaultConfigurationName = Release;
		};
		F4E4CD8B1D85B8D1008C4561 /* Build configuration list for PBXNativeTarget "TipperUITests" */ = {
			isa = XCConfigurationList;
			buildConfigurations = (
				F4E4CD8C1D85B8D1008C4561 /* Debug */,
				F4E4CD8D1D85B8D1008C4561 /* Release */,
			);
			defaultConfigurationIsVisible = 0;
			defaultConfigurationName = Release;
		};
/* End XCConfigurationList section */
	};
	rootObject = F4E4CD551D85B8D1008C4561 /* Project object */;
}
